#============================================================
# Build by Terasic V2.1.0
#============================================================

set_global_assignment -name FAMILY "Agilex 3"
set_global_assignment -name DEVICE A3CZ135BB18AE7S
set_global_assignment -name TOP_LEVEL_ENTITY golden_top
set_global_assignment -name ORIGINAL_QUARTUS_VERSION "25.1.0 Pro Edition"
set_global_assignment -name LAST_QUARTUS_VERSION "25.1.0 Pro Edition"
set_global_assignment -name PROJECT_CREATION_TIME_DATE "MON MAY 12 18:04:03 2025"
set_global_assignment -name DEVICE_FILTER_PACKAGE VPBGA
#============================================================
# CLOCK
#============================================================
set_instance_assignment -name IO_STANDARD "1.2-V" -to CLOCK0_50
set_instance_assignment -name IO_STANDARD "3.3-V LVCMOS" -to CLOCK1_50
set_instance_assignment -name IO_STANDARD "3.3-V LVCMOS" -to CLOCK2_50
set_instance_assignment -name IO_STANDARD "3.3-V LVCMOS" -to CLOCK3_50
set_location_assignment PIN_K43  -to CLOCK0_50
set_location_assignment PIN_A8   -to CLOCK1_50
set_location_assignment PIN_AH9  -to CLOCK2_50
set_location_assignment PIN_R2   -to CLOCK3_50

#============================================================
# KEY
#============================================================
set_instance_assignment -name IO_STANDARD "3.3-V LVCMOS" -to KEY[0]
set_instance_assignment -name IO_STANDARD "3.3-V LVCMOS" -to KEY[1]
set_location_assignment PIN_E2   -to KEY[0]
set_location_assignment PIN_K3   -to KEY[1]

#============================================================
# FPGA
#============================================================
set_instance_assignment -name IO_STANDARD "3.3-V LVCMOS" -to FPGA_UART_TX
set_instance_assignment -name IO_STANDARD "3.3-V LVCMOS" -to FPGA_UART_RX
set_location_assignment PIN_T6 -to FPGA_UART_TX
set_location_assignment PIN_L1 -to FPGA_UART_RX

#============================================================
# SW
#============================================================
set_instance_assignment -name IO_STANDARD "1.2-V" -to SW[0]
set_instance_assignment -name IO_STANDARD "1.2-V" -to SW[1]
set_location_assignment PIN_A19  -to SW[0]
set_location_assignment PIN_B24  -to SW[1]

#============================================================
# LED
#============================================================
set_instance_assignment -name IO_STANDARD "3.3-V LVCMOS" -to LED[0]
set_instance_assignment -name IO_STANDARD "3.3-V LVCMOS" -to LED[1]
set_instance_assignment -name IO_STANDARD "3.3-V LVCMOS" -to LED[2]
set_instance_assignment -name IO_STANDARD "3.3-V LVCMOS" -to LED[3]
set_location_assignment PIN_AG2  -to LED[0]
set_location_assignment PIN_AM6  -to LED[1]
set_location_assignment PIN_AF1  -to LED[2]
set_location_assignment PIN_AF2  -to LED[3]

#============================================================
# SDRAM
#============================================================
set_instance_assignment -name IO_STANDARD "1.8-V LVCMOS" -to DRAM_CLK
set_instance_assignment -name IO_STANDARD "1.8-V LVCMOS" -to DRAM_CKE
set_instance_assignment -name IO_STANDARD "1.8-V LVCMOS" -to DRAM_ADDR[0]
set_instance_assignment -name IO_STANDARD "1.8-V LVCMOS" -to DRAM_ADDR[1]
set_instance_assignment -name IO_STANDARD "1.8-V LVCMOS" -to DRAM_ADDR[2]
set_instance_assignment -name IO_STANDARD "1.8-V LVCMOS" -to DRAM_ADDR[3]
set_instance_assignment -name IO_STANDARD "1.8-V LVCMOS" -to DRAM_ADDR[4]
set_instance_assignment -name IO_STANDARD "1.8-V LVCMOS" -to DRAM_ADDR[5]
set_instance_assignment -name IO_STANDARD "1.8-V LVCMOS" -to DRAM_ADDR[6]
set_instance_assignment -name IO_STANDARD "1.8-V LVCMOS" -to DRAM_ADDR[7]
set_instance_assignment -name IO_STANDARD "1.8-V LVCMOS" -to DRAM_ADDR[8]
set_instance_assignment -name IO_STANDARD "1.8-V LVCMOS" -to DRAM_ADDR[9]
set_instance_assignment -name IO_STANDARD "1.8-V LVCMOS" -to DRAM_ADDR[10]
set_instance_assignment -name IO_STANDARD "1.8-V LVCMOS" -to DRAM_ADDR[11]
set_instance_assignment -name IO_STANDARD "1.8-V LVCMOS" -to DRAM_ADDR[12]
set_instance_assignment -name IO_STANDARD "1.8-V LVCMOS" -to DRAM_BA[0]
set_instance_assignment -name IO_STANDARD "1.8-V LVCMOS" -to DRAM_BA[1]
set_instance_assignment -name IO_STANDARD "1.8-V LVCMOS" -to DRAM_DQ[0]
set_instance_assignment -name IO_STANDARD "1.8-V LVCMOS" -to DRAM_DQ[1]
set_instance_assignment -name IO_STANDARD "1.8-V LVCMOS" -to DRAM_DQ[2]
set_instance_assignment -name IO_STANDARD "1.8-V LVCMOS" -to DRAM_DQ[3]
set_instance_assignment -name IO_STANDARD "1.8-V LVCMOS" -to DRAM_DQ[4]
set_instance_assignment -name IO_STANDARD "1.8-V LVCMOS" -to DRAM_DQ[5]
set_instance_assignment -name IO_STANDARD "1.8-V LVCMOS" -to DRAM_DQ[6]
set_instance_assignment -name IO_STANDARD "1.8-V LVCMOS" -to DRAM_DQ[7]
set_instance_assignment -name IO_STANDARD "1.8-V LVCMOS" -to DRAM_DQ[8]
set_instance_assignment -name IO_STANDARD "1.8-V LVCMOS" -to DRAM_DQ[9]
set_instance_assignment -name IO_STANDARD "1.8-V LVCMOS" -to DRAM_DQ[10]
set_instance_assignment -name IO_STANDARD "1.8-V LVCMOS" -to DRAM_DQ[11]
set_instance_assignment -name IO_STANDARD "1.8-V LVCMOS" -to DRAM_DQ[12]
set_instance_assignment -name IO_STANDARD "1.8-V LVCMOS" -to DRAM_DQ[13]
set_instance_assignment -name IO_STANDARD "1.8-V LVCMOS" -to DRAM_DQ[14]
set_instance_assignment -name IO_STANDARD "1.8-V LVCMOS" -to DRAM_DQ[15]
set_instance_assignment -name IO_STANDARD "1.8-V LVCMOS" -to DRAM_DQ[16]
set_instance_assignment -name IO_STANDARD "1.8-V LVCMOS" -to DRAM_DQ[17]
set_instance_assignment -name IO_STANDARD "1.8-V LVCMOS" -to DRAM_DQ[18]
set_instance_assignment -name IO_STANDARD "1.8-V LVCMOS" -to DRAM_DQ[19]
set_instance_assignment -name IO_STANDARD "1.8-V LVCMOS" -to DRAM_DQ[20]
set_instance_assignment -name IO_STANDARD "1.8-V LVCMOS" -to DRAM_DQ[21]
set_instance_assignment -name IO_STANDARD "1.8-V LVCMOS" -to DRAM_DQ[22]
set_instance_assignment -name IO_STANDARD "1.8-V LVCMOS" -to DRAM_DQ[23]
set_instance_assignment -name IO_STANDARD "1.8-V LVCMOS" -to DRAM_DQ[24]
set_instance_assignment -name IO_STANDARD "1.8-V LVCMOS" -to DRAM_DQ[25]
set_instance_assignment -name IO_STANDARD "1.8-V LVCMOS" -to DRAM_DQ[26]
set_instance_assignment -name IO_STANDARD "1.8-V LVCMOS" -to DRAM_DQ[27]
set_instance_assignment -name IO_STANDARD "1.8-V LVCMOS" -to DRAM_DQ[28]
set_instance_assignment -name IO_STANDARD "1.8-V LVCMOS" -to DRAM_DQ[29]
set_instance_assignment -name IO_STANDARD "1.8-V LVCMOS" -to DRAM_DQ[30]
set_instance_assignment -name IO_STANDARD "1.8-V LVCMOS" -to DRAM_DQ[31]
set_instance_assignment -name IO_STANDARD "1.8-V LVCMOS" -to DRAM_CS_n
set_instance_assignment -name IO_STANDARD "1.8-V LVCMOS" -to DRAM_WE_n
set_instance_assignment -name IO_STANDARD "1.8-V LVCMOS" -to DRAM_CAS_n
set_instance_assignment -name IO_STANDARD "1.8-V LVCMOS" -to DRAM_RAS_n
set_instance_assignment -name IO_STANDARD "1.8-V LVCMOS" -to DRAM_DQM[0]
set_instance_assignment -name IO_STANDARD "1.8-V LVCMOS" -to DRAM_DQM[1]
set_instance_assignment -name IO_STANDARD "1.8-V LVCMOS" -to DRAM_DQM[2]
set_instance_assignment -name IO_STANDARD "1.8-V LVCMOS" -to DRAM_DQM[3]
set_location_assignment PIN_BK32 -to DRAM_CLK
set_location_assignment PIN_BK40 -to DRAM_CKE
set_location_assignment PIN_BN26 -to DRAM_ADDR[0]
set_location_assignment PIN_BH27 -to DRAM_ADDR[1]
set_location_assignment PIN_BM26 -to DRAM_ADDR[2]
set_location_assignment PIN_BH21 -to DRAM_ADDR[3]
set_location_assignment PIN_BH26 -to DRAM_ADDR[4]
set_location_assignment PIN_BH18 -to DRAM_ADDR[5]
set_location_assignment PIN_BK18 -to DRAM_ADDR[6]
set_location_assignment PIN_BH32 -to DRAM_ADDR[7]
set_location_assignment PIN_BM24 -to DRAM_ADDR[8]
set_location_assignment PIN_BH35 -to DRAM_ADDR[9]
set_location_assignment PIN_BN27 -to DRAM_ADDR[10]
set_location_assignment PIN_BN29 -to DRAM_ADDR[11]
set_location_assignment PIN_BK26 -to DRAM_ADDR[12]
set_location_assignment PIN_BH43 -to DRAM_BA[0]
set_location_assignment PIN_BM29 -to DRAM_BA[1]
set_location_assignment PIN_BM50 -to DRAM_DQ[0]
set_location_assignment PIN_BM51 -to DRAM_DQ[1]
set_location_assignment PIN_BN47 -to DRAM_DQ[2]
set_location_assignment PIN_BM47 -to DRAM_DQ[3]
set_location_assignment PIN_BL51 -to DRAM_DQ[4]
set_location_assignment PIN_BH50 -to DRAM_DQ[5]
set_location_assignment PIN_BK50 -to DRAM_DQ[6]
set_location_assignment PIN_BH46 -to DRAM_DQ[7]
set_location_assignment PIN_BM37 -to DRAM_DQ[8]
set_location_assignment PIN_BN37 -to DRAM_DQ[9]
set_location_assignment PIN_BM42 -to DRAM_DQ[10]
set_location_assignment PIN_BN42 -to DRAM_DQ[11]
set_location_assignment PIN_BM44 -to DRAM_DQ[12]
set_location_assignment PIN_BN45 -to DRAM_DQ[13]
set_location_assignment PIN_BN39 -to DRAM_DQ[14]
set_location_assignment PIN_BM45 -to DRAM_DQ[15]
set_location_assignment PIN_BG2  -to DRAM_DQ[16]
set_location_assignment PIN_BA2  -to DRAM_DQ[17]
set_location_assignment PIN_BC2  -to DRAM_DQ[18]
set_location_assignment PIN_BJ1  -to DRAM_DQ[19]
set_location_assignment PIN_BE4  -to DRAM_DQ[20]
set_location_assignment PIN_BG1  -to DRAM_DQ[21]
set_location_assignment PIN_BC1  -to DRAM_DQ[22]
set_location_assignment PIN_BD1  -to DRAM_DQ[23]
set_location_assignment PIN_BN5  -to DRAM_DQ[24]
set_location_assignment PIN_BM9  -to DRAM_DQ[25]
set_location_assignment PIN_BM8  -to DRAM_DQ[26]
set_location_assignment PIN_BN11 -to DRAM_DQ[27]
set_location_assignment PIN_BN8  -to DRAM_DQ[28]
set_location_assignment PIN_BN14 -to DRAM_DQ[29]
set_location_assignment PIN_BM11 -to DRAM_DQ[30]
set_location_assignment PIN_BN16 -to DRAM_DQ[31]
set_location_assignment PIN_BN34 -to DRAM_CS_n
set_location_assignment PIN_BM34 -to DRAM_WE_n
set_location_assignment PIN_BH40 -to DRAM_CAS_n
set_location_assignment PIN_BM31 -to DRAM_RAS_n
set_location_assignment PIN_BE6  -to DRAM_DQM[0]
set_location_assignment PIN_BM19 -to DRAM_DQM[1]
set_location_assignment PIN_BJ2  -to DRAM_DQM[2]
set_location_assignment PIN_BM14 -to DRAM_DQM[3]

#============================================================
# SD
#============================================================
set_instance_assignment -name IO_STANDARD "3.3-V LVCMOS" -to SD_CLK
set_instance_assignment -name IO_STANDARD "3.3-V LVCMOS" -to SD_DATA[0]
set_instance_assignment -name IO_STANDARD "3.3-V LVCMOS" -to SD_DATA[1]
set_instance_assignment -name IO_STANDARD "3.3-V LVCMOS" -to SD_DATA[2]
set_instance_assignment -name IO_STANDARD "3.3-V LVCMOS" -to SD_DATA[3]
set_instance_assignment -name IO_STANDARD "3.3-V LVCMOS" -to SD_CMD
set_location_assignment PIN_Y1   -to SD_CLK
set_location_assignment PIN_AC2  -to SD_DATA[0]
set_location_assignment PIN_AC1  -to SD_DATA[1]
set_location_assignment PIN_V2   -to SD_DATA[2]
set_location_assignment PIN_V1   -to SD_DATA[3]
set_location_assignment PIN_N1   -to SD_CMD

#============================================================
# HDMI
#============================================================
set_instance_assignment -name IO_STANDARD "3.3-V LVCMOS" -to HDMI_I2C_SCL
set_instance_assignment -name IO_STANDARD "3.3-V LVCMOS" -to HDMI_I2C_SDA
set_instance_assignment -name IO_STANDARD "1.2-V" -to HDMI_TX_HS
set_instance_assignment -name IO_STANDARD "1.2-V" -to HDMI_TX_VS
set_instance_assignment -name IO_STANDARD "1.2-V" -to HDMI_TX_D[0]
set_instance_assignment -name IO_STANDARD "1.2-V" -to HDMI_TX_D[1]
set_instance_assignment -name IO_STANDARD "1.2-V" -to HDMI_TX_D[2]
set_instance_assignment -name IO_STANDARD "1.2-V" -to HDMI_TX_D[3]
set_instance_assignment -name IO_STANDARD "1.2-V" -to HDMI_TX_D[4]
set_instance_assignment -name IO_STANDARD "1.2-V" -to HDMI_TX_D[5]
set_instance_assignment -name IO_STANDARD "1.2-V" -to HDMI_TX_D[6]
set_instance_assignment -name IO_STANDARD "1.2-V" -to HDMI_TX_D[7]
set_instance_assignment -name IO_STANDARD "1.2-V" -to HDMI_TX_D[8]
set_instance_assignment -name IO_STANDARD "1.2-V" -to HDMI_TX_D[9]
set_instance_assignment -name IO_STANDARD "1.2-V" -to HDMI_TX_D[10]
set_instance_assignment -name IO_STANDARD "1.2-V" -to HDMI_TX_D[11]
set_instance_assignment -name IO_STANDARD "1.2-V" -to HDMI_TX_D[12]
set_instance_assignment -name IO_STANDARD "1.2-V" -to HDMI_TX_D[13]
set_instance_assignment -name IO_STANDARD "1.2-V" -to HDMI_TX_D[14]
set_instance_assignment -name IO_STANDARD "1.2-V" -to HDMI_TX_D[15]
set_instance_assignment -name IO_STANDARD "1.2-V" -to HDMI_TX_D[16]
set_instance_assignment -name IO_STANDARD "1.2-V" -to HDMI_TX_D[17]
set_instance_assignment -name IO_STANDARD "1.2-V" -to HDMI_TX_D[18]
set_instance_assignment -name IO_STANDARD "1.2-V" -to HDMI_TX_D[19]
set_instance_assignment -name IO_STANDARD "1.2-V" -to HDMI_TX_D[20]
set_instance_assignment -name IO_STANDARD "1.2-V" -to HDMI_TX_D[21]
set_instance_assignment -name IO_STANDARD "1.2-V" -to HDMI_TX_D[22]
set_instance_assignment -name IO_STANDARD "1.2-V" -to HDMI_TX_D[23]
set_instance_assignment -name IO_STANDARD "1.2-V" -to HDMI_TX_DE
set_instance_assignment -name IO_STANDARD "DIFFERENTIAL 1.2-V SSTL" -to HDMI_TX_CLK_p
set_instance_assignment -name IO_STANDARD "3.3-V LVCMOS" -to HDMI_ISEL
set_instance_assignment -name IO_STANDARD "3.3-V LVCMOS" -to HDMI_PD_n
set_instance_assignment -name IO_STANDARD "3.3-V LVCMOS" -to DDC_I2C_SCL
set_instance_assignment -name IO_STANDARD "3.3-V LVCMOS" -to DDC_I2C_SDA
set_location_assignment PIN_M2   -to HDMI_I2C_SCL
set_location_assignment PIN_N2   -to HDMI_I2C_SDA
set_location_assignment PIN_R52  -to HDMI_TX_HS
set_location_assignment PIN_N52  -to HDMI_TX_VS
set_location_assignment PIN_G52  -to HDMI_TX_D[0]
set_location_assignment PIN_J52  -to HDMI_TX_D[1]
set_location_assignment PIN_G51  -to HDMI_TX_D[2]
set_location_assignment PIN_J51  -to HDMI_TX_D[3]
set_location_assignment PIN_M51  -to HDMI_TX_D[4]
set_location_assignment PIN_H43  -to HDMI_TX_D[5]
set_location_assignment PIN_A34  -to HDMI_TX_D[6]
set_location_assignment PIN_A29  -to HDMI_TX_D[7]
set_location_assignment PIN_B29  -to HDMI_TX_D[8]
set_location_assignment PIN_B27  -to HDMI_TX_D[9]
set_location_assignment PIN_A26  -to HDMI_TX_D[10]
set_location_assignment PIN_B26  -to HDMI_TX_D[11]
set_location_assignment PIN_A31  -to HDMI_TX_D[12]
set_location_assignment PIN_H35  -to HDMI_TX_D[13]
set_location_assignment PIN_A37  -to HDMI_TX_D[14]
set_location_assignment PIN_F35  -to HDMI_TX_D[15]
set_location_assignment PIN_F40  -to HDMI_TX_D[16]
set_location_assignment PIN_F32  -to HDMI_TX_D[17]
set_location_assignment PIN_V52  -to HDMI_TX_D[18]
set_location_assignment PIN_K35  -to HDMI_TX_D[19]
set_location_assignment PIN_V51  -to HDMI_TX_D[20]
set_location_assignment PIN_K32  -to HDMI_TX_D[21]
set_location_assignment PIN_K40  -to HDMI_TX_D[22]
set_location_assignment PIN_A24  -to HDMI_TX_D[23]
set_location_assignment PIN_R51  -to HDMI_TX_DE
set_location_assignment PIN_L51  -to HDMI_TX_CLK_p
set_location_assignment PIN_J2   -to HDMI_ISEL
set_location_assignment PIN_J1   -to HDMI_PD_n
set_location_assignment PIN_AV2  -to DDC_I2C_SCL
set_location_assignment PIN_AN1  -to DDC_I2C_SDA

#============================================================
# NET
#============================================================
set_instance_assignment -name IO_STANDARD "1.8-V LVCMOS" -to NET_TX_CLK
set_instance_assignment -name IO_STANDARD "1.8-V LVCMOS" -to NET_TX_DATA[0]
set_instance_assignment -name IO_STANDARD "1.8-V LVCMOS" -to NET_TX_DATA[1]
set_instance_assignment -name IO_STANDARD "1.8-V LVCMOS" -to NET_TX_DATA[2]
set_instance_assignment -name IO_STANDARD "1.8-V LVCMOS" -to NET_TX_DATA[3]
set_instance_assignment -name IO_STANDARD "1.8-V LVCMOS" -to NET_TX_CTRL
set_instance_assignment -name IO_STANDARD "1.8-V LVCMOS" -to NET_RX_CLK
set_instance_assignment -name IO_STANDARD "1.8-V LVCMOS" -to NET_RX_DATA[0]
set_instance_assignment -name IO_STANDARD "1.8-V LVCMOS" -to NET_RX_DATA[1]
set_instance_assignment -name IO_STANDARD "1.8-V LVCMOS" -to NET_RX_DATA[2]
set_instance_assignment -name IO_STANDARD "1.8-V LVCMOS" -to NET_RX_DATA[3]
set_instance_assignment -name IO_STANDARD "1.8-V LVCMOS" -to NET_RX_CTRL
set_instance_assignment -name IO_STANDARD "1.8-V LVCMOS" -to NET_MDC
set_instance_assignment -name IO_STANDARD "1.8-V LVCMOS" -to NET_MDIO
set_instance_assignment -name IO_STANDARD "1.8-V LVCMOS" -to NET_RESET_n
set_location_assignment PIN_AY6  -to NET_TX_CLK
set_location_assignment PIN_BH10 -to NET_TX_DATA[0]
set_location_assignment PIN_BK10 -to NET_TX_DATA[1]
set_location_assignment PIN_BM2  -to NET_TX_DATA[2]
set_location_assignment PIN_BM3  -to NET_TX_DATA[3]
set_location_assignment PIN_AU6  -to NET_TX_CTRL
set_location_assignment PIN_AT9  -to NET_RX_CLK
set_location_assignment PIN_BF12 -to NET_RX_DATA[0]
set_location_assignment PIN_BF9  -to NET_RX_DATA[1]
set_location_assignment PIN_BB12 -to NET_RX_DATA[2]
set_location_assignment PIN_BH3  -to NET_RX_DATA[3]
set_location_assignment PIN_AU4  -to NET_RX_CTRL
set_location_assignment PIN_BB9  -to NET_MDC
set_location_assignment PIN_BH7  -to NET_MDIO
set_location_assignment PIN_AW12 -to NET_RESET_n

#============================================================
# GPIO
#============================================================
set_instance_assignment -name IO_STANDARD "3.3-V LVCMOS" -to GPIO_D[0]
set_instance_assignment -name IO_STANDARD "3.3-V LVCMOS" -to GPIO_D[1]
set_instance_assignment -name IO_STANDARD "3.3-V LVCMOS" -to GPIO_D[2]
set_instance_assignment -name IO_STANDARD "3.3-V LVCMOS" -to GPIO_D[3]
set_instance_assignment -name IO_STANDARD "3.3-V LVCMOS" -to GPIO_D[4]
set_instance_assignment -name IO_STANDARD "3.3-V LVCMOS" -to GPIO_D[5]
set_instance_assignment -name IO_STANDARD "3.3-V LVCMOS" -to GPIO_D[6]
set_instance_assignment -name IO_STANDARD "3.3-V LVCMOS" -to GPIO_D[7]
set_instance_assignment -name IO_STANDARD "3.3-V LVCMOS" -to GPIO_D[8]
set_instance_assignment -name IO_STANDARD "3.3-V LVCMOS" -to GPIO_D[9]
set_instance_assignment -name IO_STANDARD "3.3-V LVCMOS" -to GPIO_D[10]
set_instance_assignment -name IO_STANDARD "3.3-V LVCMOS" -to GPIO_D[11]
set_instance_assignment -name IO_STANDARD "3.3-V LVCMOS" -to GPIO_D[12]
set_instance_assignment -name IO_STANDARD "3.3-V LVCMOS" -to GPIO_D[13]
set_instance_assignment -name IO_STANDARD "3.3-V LVCMOS" -to GPIO_D[14]
set_instance_assignment -name IO_STANDARD "3.3-V LVCMOS" -to GPIO_D[15]
set_instance_assignment -name IO_STANDARD "3.3-V LVCMOS" -to GPIO_D[16]
set_instance_assignment -name IO_STANDARD "3.3-V LVCMOS" -to GPIO_D[17]
set_instance_assignment -name IO_STANDARD "3.3-V LVCMOS" -to GPIO_D[18]
set_instance_assignment -name IO_STANDARD "3.3-V LVCMOS" -to GPIO_D[19]
set_instance_assignment -name IO_STANDARD "3.3-V LVCMOS" -to GPIO_D[20]
set_instance_assignment -name IO_STANDARD "3.3-V LVCMOS" -to GPIO_D[21]
set_instance_assignment -name IO_STANDARD "3.3-V LVCMOS" -to GPIO_D[22]
set_instance_assignment -name IO_STANDARD "3.3-V LVCMOS" -to GPIO_D[23]
set_instance_assignment -name IO_STANDARD "3.3-V LVCMOS" -to GPIO_D[24]
set_instance_assignment -name IO_STANDARD "3.3-V LVCMOS" -to GPIO_D[25]
set_instance_assignment -name IO_STANDARD "3.3-V LVCMOS" -to GPIO_D[26]
set_instance_assignment -name IO_STANDARD "3.3-V LVCMOS" -to GPIO_D[27]
set_instance_assignment -name IO_STANDARD "3.3-V LVCMOS" -to GPIO_D[28]
set_instance_assignment -name IO_STANDARD "3.3-V LVCMOS" -to GPIO_D[29]
set_instance_assignment -name IO_STANDARD "3.3-V LVCMOS" -to GPIO_D[30]
set_instance_assignment -name IO_STANDARD "3.3-V LVCMOS" -to GPIO_D[31]
set_instance_assignment -name IO_STANDARD "3.3-V LVCMOS" -to GPIO_D[32]
set_instance_assignment -name IO_STANDARD "3.3-V LVCMOS" -to GPIO_D[33]
set_instance_assignment -name IO_STANDARD "3.3-V LVCMOS" -to GPIO_D[34]
set_instance_assignment -name IO_STANDARD "3.3-V LVCMOS" -to GPIO_D[35]
set_location_assignment PIN_B3   -to GPIO_D[0]
set_location_assignment PIN_A11  -to GPIO_D[1]
set_location_assignment PIN_D18  -to GPIO_D[2]
set_location_assignment PIN_B11  -to GPIO_D[3]
set_location_assignment PIN_H7   -to GPIO_D[4]
set_location_assignment PIN_B5   -to GPIO_D[5]
set_location_assignment PIN_W9   -to GPIO_D[6]
set_location_assignment PIN_F3   -to GPIO_D[7]
set_location_assignment PIN_U9   -to GPIO_D[8]
set_location_assignment PIN_C2   -to GPIO_D[9]
set_location_assignment PIN_U12  -to GPIO_D[10]
set_location_assignment PIN_F7   -to GPIO_D[11]
set_location_assignment PIN_P9   -to GPIO_D[12]
set_location_assignment PIN_K7   -to GPIO_D[13]
set_location_assignment PIN_K10  -to GPIO_D[14]
set_location_assignment PIN_K13  -to GPIO_D[15]
set_location_assignment PIN_D3   -to GPIO_D[16]
set_location_assignment PIN_H13  -to GPIO_D[17]
set_location_assignment PIN_B8   -to GPIO_D[18]
set_location_assignment PIN_F10  -to GPIO_D[19]
set_location_assignment PIN_A9   -to GPIO_D[20]
set_location_assignment PIN_D10  -to GPIO_D[21]
set_location_assignment PIN_F13  -to GPIO_D[22]
set_location_assignment PIN_K18  -to GPIO_D[23]
set_location_assignment PIN_F18  -to GPIO_D[24]
set_location_assignment PIN_H21  -to GPIO_D[25]
set_location_assignment PIN_D26  -to GPIO_D[26]
set_location_assignment PIN_K21  -to GPIO_D[27]
set_location_assignment PIN_H27  -to GPIO_D[28]
set_location_assignment PIN_F26  -to GPIO_D[29]
set_location_assignment PIN_B14  -to GPIO_D[30]
set_location_assignment PIN_F27  -to GPIO_D[31]
set_location_assignment PIN_B16  -to GPIO_D[32]
set_location_assignment PIN_A14  -to GPIO_D[33]
set_location_assignment PIN_F21  -to GPIO_D[34]
set_location_assignment PIN_B19  -to GPIO_D[35]

#============================================================
# TMD0
#============================================================
set_instance_assignment -name IO_STANDARD "3.3-V LVCMOS" -to TMD0_D[0]
set_instance_assignment -name IO_STANDARD "3.3-V LVCMOS" -to TMD0_D[1]
set_instance_assignment -name IO_STANDARD "3.3-V LVCMOS" -to TMD0_D[2]
set_instance_assignment -name IO_STANDARD "3.3-V LVCMOS" -to TMD0_D[3]
set_instance_assignment -name IO_STANDARD "3.3-V LVCMOS" -to TMD0_D[4]
set_instance_assignment -name IO_STANDARD "3.3-V LVCMOS" -to TMD0_D[5]
set_instance_assignment -name IO_STANDARD "3.3-V LVCMOS" -to TMD0_D[6]
set_instance_assignment -name IO_STANDARD "3.3-V LVCMOS" -to TMD0_D[7]
set_location_assignment PIN_AD6  -to TMD0_D[0]
set_location_assignment PIN_P6   -to TMD0_D[1]
set_location_assignment PIN_AB9  -to TMD0_D[2]
set_location_assignment PIN_AE12 -to TMD0_D[3]
set_location_assignment PIN_P4   -to TMD0_D[4]
set_location_assignment PIN_AA4  -to TMD0_D[5]
set_location_assignment PIN_AH12 -to TMD0_D[6]
set_location_assignment PIN_AA6  -to TMD0_D[7]

#============================================================
# TMD1
#============================================================
set_instance_assignment -name IO_STANDARD "3.3-V LVCMOS" -to TMD1_D[0]
set_instance_assignment -name IO_STANDARD "3.3-V LVCMOS" -to TMD1_D[1]
set_instance_assignment -name IO_STANDARD "3.3-V LVCMOS" -to TMD1_D[2]
set_instance_assignment -name IO_STANDARD "3.3-V LVCMOS" -to TMD1_D[3]
set_instance_assignment -name IO_STANDARD "3.3-V LVCMOS" -to TMD1_D[4]
set_instance_assignment -name IO_STANDARD "3.3-V LVCMOS" -to TMD1_D[5]
set_instance_assignment -name IO_STANDARD "3.3-V LVCMOS" -to TMD1_D[6]
set_instance_assignment -name IO_STANDARD "3.3-V LVCMOS" -to TMD1_D[7]
set_location_assignment PIN_AR2  -to TMD1_D[0]
set_location_assignment PIN_AJ6  -to TMD1_D[1]
set_location_assignment PIN_AK1  -to TMD1_D[2]
set_location_assignment PIN_AR1  -to TMD1_D[3]
set_location_assignment PIN_AL12 -to TMD1_D[4]
set_location_assignment PIN_AJ4  -to TMD1_D[5]
set_location_assignment PIN_AV1  -to TMD1_D[6]
set_location_assignment PIN_AK2  -to TMD1_D[7]

#============================================================
# Configuration scheme/pin
#============================================================
set_global_assignment -name USE_CONF_DONE SDM_IO16
set_global_assignment -name USE_INIT_DONE SDM_IO13
set_global_assignment -name STRATIXV_CONFIGURATION_SCHEME "ACTIVE SERIAL X4"
set_global_assignment -name ACTIVE_SERIAL_CLOCK AS_FREQ_100MHZ
set_global_assignment -name DEVICE_INITIALIZATION_CLOCK OSC_CLK_1_125MHZ



#============================================================
set_global_assignment -name PROJECT_OUTPUT_DIRECTORY output_files
set_global_assignment -name VERILOG_FILE VGA/video_sync_generator.v
set_global_assignment -name VERILOG_FILE VGA/vga_controller.v
set_global_assignment -name VERILOG_FILE HDMI_I2C/I2C_WRITE_WDATA.v
set_global_assignment -name VERILOG_FILE HDMI_I2C/I2C_HDMI_Config.v
set_global_assignment -name VERILOG_FILE HDMI_I2C/I2C_Controller.v
set_global_assignment -name VERILOG_FILE heart_beat.v
set_global_assignment -name VERILOG_FILE golden_top.v
set_global_assignment -name SDC_FILE golden_top.sdc
set_global_assignment -name IP_FILE agilex_reset_release.ip
set_global_assignment -name IP_FILE pll.ip
set_global_assignment -name IP_FILE img_data.ip
set_global_assignment -name IP_FILE img_data_mlab.ip
set_global_assignment -name IP_FILE img_index.ip
set_global_assignment -name BOARD default
